
Microsoft Visual Studio Solution File, Format Version 12.00
# Visual Studio 15
VisualStudioVersion = 15.0.26430.14
MinimumVisualStudioVersion = 10.0.40219.1
Project("{FAE04EC0-301F-11D3-BF4B-00C04F79EFBC}") = "Optimizer", "Optimizer\Optimizer.csproj", "{F131FA05-4D35-4BB0-B70A-453E2CF0DF50}"
EndProject
Project("{FAE04EC0-301F-11D3-BF4B-00C04F79EFBC}") = "Optimizer.Test", "Optimizer.Test\Optimizer.Test.csproj", "{5B417301-9550-4A14-8772-8A7012D74EF9}"
EndProject
Project("{2150E333-8FDC-42A3-9474-1A3956D46DE8}") = "Solution Items", "Solution Items", "{1F28D20E-9C03-4238-B6CE-A71CBFD2538F}"
	ProjectSection(SolutionItems) = preProject
		BSSAllRules.ruleset = BSSAllRules.ruleset
		BSSEFRules.ruleset = BSSEFRules.ruleset
	EndProjectSection
EndProject
Project("{FAE04EC0-301F-11D3-BF4B-00C04F79EFBC}") = "ConferenceScheduler", "ConferenceScheduler\ConferenceScheduler.csproj", "{FC1B17FD-6629-4DA6-B9BA-E5684D6C056E}"
EndProject
Project("{FAE04EC0-301F-11D3-BF4B-00C04F79EFBC}") = "Optimizer.InternalsTest", "Optimizer.InternalsTest\Optimizer.InternalsTest.csproj", "{07F01F6C-B907-4184-A481-AD0257DBED4D}"
EndProject
Project("{FAE04EC0-301F-11D3-BF4B-00C04F79EFBC}") = "Optimizer.Glop", "Optimizer.Glop\Optimizer.Glop.csproj", "{710A33E1-1E6E-4DAD-BE14-CF2096AE6713}"
EndProject
Project("{FAE04EC0-301F-11D3-BF4B-00C04F79EFBC}") = "Optimizer.DataSetsTest", "Optimizer.DataSetsTest\Optimizer.DataSetsTest.csproj", "{B85F5433-AC7C-4688-B819-C1E847CA1E14}"
EndProject
Global
	GlobalSection(SolutionConfigurationPlatforms) = preSolution
		Debug|Any CPU = Debug|Any CPU
		Debug|x64 = Debug|x64
		Release|Any CPU = Release|Any CPU
		Release|x64 = Release|x64
	EndGlobalSection
	GlobalSection(ProjectConfigurationPlatforms) = postSolution
		{F131FA05-4D35-4BB0-B70A-453E2CF0DF50}.Debug|Any CPU.ActiveCfg = Debug|Any CPU
		{F131FA05-4D35-4BB0-B70A-453E2CF0DF50}.Debug|Any CPU.Build.0 = Debug|Any CPU
		{F131FA05-4D35-4BB0-B70A-453E2CF0DF50}.Debug|x64.ActiveCfg = Debug|x64
		{F131FA05-4D35-4BB0-B70A-453E2CF0DF50}.Debug|x64.Build.0 = Debug|x64
		{F131FA05-4D35-4BB0-B70A-453E2CF0DF50}.Release|Any CPU.ActiveCfg = Release|Any CPU
		{F131FA05-4D35-4BB0-B70A-453E2CF0DF50}.Release|Any CPU.Build.0 = Release|Any CPU
		{F131FA05-4D35-4BB0-B70A-453E2CF0DF50}.Release|x64.ActiveCfg = Release|x64
		{F131FA05-4D35-4BB0-B70A-453E2CF0DF50}.Release|x64.Build.0 = Release|x64
		{5B417301-9550-4A14-8772-8A7012D74EF9}.Debug|Any CPU.ActiveCfg = Debug|Any CPU
		{5B417301-9550-4A14-8772-8A7012D74EF9}.Debug|Any CPU.Build.0 = Debug|Any CPU
		{5B417301-9550-4A14-8772-8A7012D74EF9}.Debug|x64.ActiveCfg = Debug|x64
		{5B417301-9550-4A14-8772-8A7012D74EF9}.Debug|x64.Build.0 = Debug|x64
		{5B417301-9550-4A14-8772-8A7012D74EF9}.Release|Any CPU.ActiveCfg = Release|Any CPU
		{5B417301-9550-4A14-8772-8A7012D74EF9}.Release|Any CPU.Build.0 = Release|Any CPU
		{5B417301-9550-4A14-8772-8A7012D74EF9}.Release|x64.ActiveCfg = Release|x64
		{5B417301-9550-4A14-8772-8A7012D74EF9}.Release|x64.Build.0 = Release|x64
		{FC1B17FD-6629-4DA6-B9BA-E5684D6C056E}.Debug|Any CPU.ActiveCfg = Debug|Any CPU
		{FC1B17FD-6629-4DA6-B9BA-E5684D6C056E}.Debug|Any CPU.Build.0 = Debug|Any CPU
		{FC1B17FD-6629-4DA6-B9BA-E5684D6C056E}.Debug|x64.ActiveCfg = Debug|x64
		{FC1B17FD-6629-4DA6-B9BA-E5684D6C056E}.Debug|x64.Build.0 = Debug|x64
		{FC1B17FD-6629-4DA6-B9BA-E5684D6C056E}.Release|Any CPU.ActiveCfg = Release|Any CPU
		{FC1B17FD-6629-4DA6-B9BA-E5684D6C056E}.Release|Any CPU.Build.0 = Release|Any CPU
		{FC1B17FD-6629-4DA6-B9BA-E5684D6C056E}.Release|x64.ActiveCfg = Release|x64
		{FC1B17FD-6629-4DA6-B9BA-E5684D6C056E}.Release|x64.Build.0 = Release|x64
		{07F01F6C-B907-4184-A481-AD0257DBED4D}.Debug|Any CPU.ActiveCfg = Debug|Any CPU
		{07F01F6C-B907-4184-A481-AD0257DBED4D}.Debug|Any CPU.Build.0 = Debug|Any CPU
		{07F01F6C-B907-4184-A481-AD0257DBED4D}.Debug|x64.ActiveCfg = Debug|x64
		{07F01F6C-B907-4184-A481-AD0257DBED4D}.Debug|x64.Build.0 = Debug|x64
		{07F01F6C-B907-4184-A481-AD0257DBED4D}.Release|Any CPU.ActiveCfg = Release|Any CPU
		{07F01F6C-B907-4184-A481-AD0257DBED4D}.Release|Any CPU.Build.0 = Release|Any CPU
		{07F01F6C-B907-4184-A481-AD0257DBED4D}.Release|x64.ActiveCfg = Release|x64
		{07F01F6C-B907-4184-A481-AD0257DBED4D}.Release|x64.Build.0 = Release|x64
		{710A33E1-1E6E-4DAD-BE14-CF2096AE6713}.Debug|Any CPU.ActiveCfg = Debug|Any CPU
		{710A33E1-1E6E-4DAD-BE14-CF2096AE6713}.Debug|Any CPU.Build.0 = Debug|Any CPU
		{710A33E1-1E6E-4DAD-BE14-CF2096AE6713}.Debug|x64.ActiveCfg = Debug|x64
		{710A33E1-1E6E-4DAD-BE14-CF2096AE6713}.Debug|x64.Build.0 = Debug|x64
		{710A33E1-1E6E-4DAD-BE14-CF2096AE6713}.Release|Any CPU.ActiveCfg = Release|Any CPU
		{710A33E1-1E6E-4DAD-BE14-CF2096AE6713}.Release|Any CPU.Build.0 = Release|Any CPU
		{710A33E1-1E6E-4DAD-BE14-CF2096AE6713}.Release|x64.ActiveCfg = Release|Any CPU
		{710A33E1-1E6E-4DAD-BE14-CF2096AE6713}.Release|x64.Build.0 = Release|Any CPU
		{B85F5433-AC7C-4688-B819-C1E847CA1E14}.Debug|Any CPU.ActiveCfg = Debug|Any CPU
		{B85F5433-AC7C-4688-B819-C1E847CA1E14}.Debug|Any CPU.Build.0 = Debug|Any CPU
		{B85F5433-AC7C-4688-B819-C1E847CA1E14}.Debug|x64.ActiveCfg = Debug|Any CPU
		{B85F5433-AC7C-4688-B819-C1E847CA1E14}.Debug|x64.Build.0 = Debug|Any CPU
		{B85F5433-AC7C-4688-B819-C1E847CA1E14}.Release|Any CPU.ActiveCfg = Release|Any CPU
		{B85F5433-AC7C-4688-B819-C1E847CA1E14}.Release|Any CPU.Build.0 = Release|Any CPU
		{B85F5433-AC7C-4688-B819-C1E847CA1E14}.Release|x64.ActiveCfg = Release|Any CPU
		{B85F5433-AC7C-4688-B819-C1E847CA1E14}.Release|x64.Build.0 = Release|Any CPU
	EndGlobalSection
	GlobalSection(SolutionProperties) = preSolution
		HideSolutionNode = FALSE
	EndGlobalSection
EndGlobal
